
Microsoft Visual Studio Solution File, Format Version 12.00
# Visual Studio Version 17
VisualStudioVersion = 17.9.34310.174
MinimumVisualStudioVersion = 10.0.40219.1
Project("{FAE04EC0-301F-11D3-BF4B-00C04F79EFBC}") = "lab4", "lab4\lab4.csproj", "{3EEE52FF-2B23-4D5F-B42E-8BD08AA841D6}"
EndProject
Global
	GlobalSection(SolutionConfigurationPlatforms) = preSolution
		Debug|Any CPU = Debug|Any CPU
		Release|Any CPU = Release|Any CPU
	EndGlobalSection
	GlobalSection(ProjectConfigurationPlatforms) = postSolution
		{3EEE52FF-2B23-4D5F-B42E-8BD08AA841D6}.Debug|Any CPU.ActiveCfg = Debug|Any CPU
		{3EEE52FF-2B23-4D5F-B42E-8BD08AA841D6}.Debug|Any CPU.Build.0 = Debug|Any CPU
		{3EEE52FF-2B23-4D5F-B42E-8BD08AA841D6}.Release|Any CPU.ActiveCfg = Release|Any CPU
		{3EEE52FF-2B23-4D5F-B42E-8BD08AA841D6}.Release|Any CPU.Build.0 = Release|Any CPU
	EndGlobalSection
	GlobalSection(SolutionProperties) = preSolution
		HideSolutionNode = FALSE
	EndGlobalSection
	GlobalSection(ExtensibilityGlobals) = postSolution
		SolutionGuid = {E8A5415E-F259-4AB6-A5FB-37672243F7F7}
	EndGlobalSection
EndGlobal
