
Microsoft Visual Studio Solution File, Format Version 12.00
# Visual Studio Version 17
VisualStudioVersion = 17.9.34310.174
MinimumVisualStudioVersion = 10.0.40219.1
Project("{FAE04EC0-301F-11D3-BF4B-00C04F79EFBC}") = "lab5", "lab5\lab5.csproj", "{73E69A5B-0007-4EC9-9DDF-8DF452822D01}"
EndProject
Global
	GlobalSection(SolutionConfigurationPlatforms) = preSolution
		Debug|Any CPU = Debug|Any CPU
		Release|Any CPU = Release|Any CPU
	EndGlobalSection
	GlobalSection(ProjectConfigurationPlatforms) = postSolution
		{73E69A5B-0007-4EC9-9DDF-8DF452822D01}.Debug|Any CPU.ActiveCfg = Debug|Any CPU
		{73E69A5B-0007-4EC9-9DDF-8DF452822D01}.Debug|Any CPU.Build.0 = Debug|Any CPU
		{73E69A5B-0007-4EC9-9DDF-8DF452822D01}.Release|Any CPU.ActiveCfg = Release|Any CPU
		{73E69A5B-0007-4EC9-9DDF-8DF452822D01}.Release|Any CPU.Build.0 = Release|Any CPU
	EndGlobalSection
	GlobalSection(SolutionProperties) = preSolution
		HideSolutionNode = FALSE
	EndGlobalSection
	GlobalSection(ExtensibilityGlobals) = postSolution
		SolutionGuid = {70CB14C5-F143-4F22-B27E-0B79A2088BDA}
	EndGlobalSection
EndGlobal
